{
    "version": 3,
    "terraform_version": "0.9.8",
    "serial": 52,
    "lineage": "91fab673-a1dc-4133-a8d3-a52657697196",
    "modules": [
        {
            "path": [
                "root"
            ],
            "outputs": {},
            "resources": {
                "google_compute_network.network": {
                    "type": "google_compute_network",
                    "depends_on": [],
                    "primary": {
                        "id": "kubenet",
                        "attributes": {
                            "auto_create_subnetworks": "false",
                            "gateway_ipv4": "",
                            "id": "kubenet",
                            "ipv4_range": "",
                            "name": "kubenet",
                            "self_link": "https://www.googleapis.com/compute/v1/projects/intern-kevin/global/networks/kubenet"
                        },
                        "meta": {},
                        "tainted": false
                    },
                    "deposed": [],
                    "provider": ""
                }
            },
            "depends_on": []
        }
    ]
}
