{
    "version": 3,
    "terraform_version": "0.9.8",
    "serial": 53,
    "lineage": "91fab673-a1dc-4133-a8d3-a52657697196",
    "modules": [
        {
            "path": [
                "root"
            ],
            "outputs": {
                "ansible_inventory": {
                    "sensitive": false,
                    "type": "string",
                    "value": "[etcd]\netcd-1  ansible_host=35.187.214.154 internal_ip=10.240.16.5\netcd-2  ansible_host=104.198.117.212 internal_ip=10.240.16.7\n\n[master]\nmaster-1  ansible_host=35.189.139.101 internal_ip=10.240.16.2\nmaster-2  ansible_host=35.187.202.136 internal_ip=10.240.16.3\n\n[node]\nnode-1  ansible_host=35.187.194.244 internal_ip=10.240.16.6\nnode-2  ansible_host=35.187.204.135 internal_ip=10.240.16.4"
                }
            },
            "resources": {
                "data.template_file.ansible_hosts": {
                    "type": "template_file",
                    "depends_on": [
                        "data.template_file.etcd_ansible.*",
                        "data.template_file.master_ansible.*",
                        "data.template_file.node_ansible.*"
                    ],
                    "primary": {
                        "id": "5f94b17a7aa613aa506adb2f638103d28add93fd89970877288f042de141e5cb",
                        "attributes": {
                            "id": "5f94b17a7aa613aa506adb2f638103d28add93fd89970877288f042de141e5cb",
                            "rendered": "[etcd]\netcd-1  ansible_host=35.187.214.154 internal_ip=10.240.16.5\netcd-2  ansible_host=104.198.117.212 internal_ip=10.240.16.7\n\n[master]\nmaster-1  ansible_host=35.189.139.101 internal_ip=10.240.16.2\nmaster-2  ansible_host=35.187.202.136 internal_ip=10.240.16.3\n\n[node]\nnode-1  ansible_host=35.187.194.244 internal_ip=10.240.16.6\nnode-2  ansible_host=35.187.204.135 internal_ip=10.240.16.4",
                            "template": "[etcd]\n${etcd_hosts}\n\n[master]\n${master_hosts}\n\n[node]\n${node_hosts}",
                            "vars.%": "3",
                            "vars.etcd_hosts": "etcd-1  ansible_host=35.187.214.154 internal_ip=10.240.16.5\netcd-2  ansible_host=104.198.117.212 internal_ip=10.240.16.7",
                            "vars.master_hosts": "master-1  ansible_host=35.189.139.101 internal_ip=10.240.16.2\nmaster-2  ansible_host=35.187.202.136 internal_ip=10.240.16.3",
                            "vars.node_hosts": "node-1  ansible_host=35.187.194.244 internal_ip=10.240.16.6\nnode-2  ansible_host=35.187.204.135 internal_ip=10.240.16.4"
                        },
                        "meta": {},
                        "tainted": false
                    },
                    "deposed": [],
                    "provider": ""
                },
                "data.template_file.etcd_ansible.0": {
                    "type": "template_file",
                    "depends_on": [
                        "google_compute_instance.etcd.*"
                    ],
                    "primary": {
                        "id": "4f3ba5998aa9401e2b27986fec146cde8bd7e6d5cfb7d5d17c63c5a5b1fe88ef",
                        "attributes": {
                            "id": "4f3ba5998aa9401e2b27986fec146cde8bd7e6d5cfb7d5d17c63c5a5b1fe88ef",
                            "rendered": "etcd-1  ansible_host=35.187.214.154 internal_ip=10.240.16.5",
                            "template": "${name}-${format(\"%s\",index)} ${extra}",
                            "vars.%": "3",
                            "vars.extra": " ansible_host=35.187.214.154 internal_ip=10.240.16.5",
                            "vars.index": "1",
                            "vars.name": "etcd"
                        },
                        "meta": {},
                        "tainted": false
                    },
                    "deposed": [],
                    "provider": ""
                },
                "data.template_file.etcd_ansible.1": {
                    "type": "template_file",
                    "depends_on": [
                        "google_compute_instance.etcd.*"
                    ],
                    "primary": {
                        "id": "c6312869005ebed15aeda67858929c453cbad9dae690b34948101c4db9151fdf",
                        "attributes": {
                            "id": "c6312869005ebed15aeda67858929c453cbad9dae690b34948101c4db9151fdf",
                            "rendered": "etcd-2  ansible_host=104.198.117.212 internal_ip=10.240.16.7",
                            "template": "${name}-${format(\"%s\",index)} ${extra}",
                            "vars.%": "3",
                            "vars.extra": " ansible_host=104.198.117.212 internal_ip=10.240.16.7",
                            "vars.index": "2",
                            "vars.name": "etcd"
                        },
                        "meta": {},
                        "tainted": false
                    },
                    "deposed": [],
                    "provider": ""
                },
                "data.template_file.master_ansible.0": {
                    "type": "template_file",
                    "depends_on": [
                        "google_compute_instance.master.*"
                    ],
                    "primary": {
                        "id": "784b944e52e8b8a6aec8a4b54602fb63c1cf6065e8faf2cabf1d877972a14da1",
                        "attributes": {
                            "id": "784b944e52e8b8a6aec8a4b54602fb63c1cf6065e8faf2cabf1d877972a14da1",
                            "rendered": "master-1  ansible_host=35.189.139.101 internal_ip=10.240.16.2",
                            "template": "${name}-${format(\"%s\",index)} ${extra}",
                            "vars.%": "3",
                            "vars.extra": " ansible_host=35.189.139.101 internal_ip=10.240.16.2",
                            "vars.index": "1",
                            "vars.name": "master"
                        },
                        "meta": {},
                        "tainted": false
                    },
                    "deposed": [],
                    "provider": ""
                },
                "data.template_file.master_ansible.1": {
                    "type": "template_file",
                    "depends_on": [
                        "google_compute_instance.master.*"
                    ],
                    "primary": {
                        "id": "4d559ef279683993d6d6833d927c6405f1d0192e260fd44f2e5b0af4d9fb613c",
                        "attributes": {
                            "id": "4d559ef279683993d6d6833d927c6405f1d0192e260fd44f2e5b0af4d9fb613c",
                            "rendered": "master-2  ansible_host=35.187.202.136 internal_ip=10.240.16.3",
                            "template": "${name}-${format(\"%s\",index)} ${extra}",
                            "vars.%": "3",
                            "vars.extra": " ansible_host=35.187.202.136 internal_ip=10.240.16.3",
                            "vars.index": "2",
                            "vars.name": "master"
                        },
                        "meta": {},
                        "tainted": false
                    },
                    "deposed": [],
                    "provider": ""
                },
                "data.template_file.node_ansible.0": {
                    "type": "template_file",
                    "depends_on": [
                        "google_compute_instance.node.*"
                    ],
                    "primary": {
                        "id": "c4de3b5278d2229749d5a8dd9e43d3c0ca1a64692e210acfa11430bf8458e3d5",
                        "attributes": {
                            "id": "c4de3b5278d2229749d5a8dd9e43d3c0ca1a64692e210acfa11430bf8458e3d5",
                            "rendered": "node-1  ansible_host=35.187.194.244 internal_ip=10.240.16.6",
                            "template": "${name}-${format(\"%s\",index)} ${extra}",
                            "vars.%": "3",
                            "vars.extra": " ansible_host=35.187.194.244 internal_ip=10.240.16.6",
                            "vars.index": "1",
                            "vars.name": "node"
                        },
                        "meta": {},
                        "tainted": false
                    },
                    "deposed": [],
                    "provider": ""
                },
                "data.template_file.node_ansible.1": {
                    "type": "template_file",
                    "depends_on": [
                        "google_compute_instance.node.*"
                    ],
                    "primary": {
                        "id": "6df75c9e84f559c2f4fedb899b3394cd99ae07d63b1c454610138b61ef6ee2e3",
                        "attributes": {
                            "id": "6df75c9e84f559c2f4fedb899b3394cd99ae07d63b1c454610138b61ef6ee2e3",
                            "rendered": "node-2  ansible_host=35.187.204.135 internal_ip=10.240.16.4",
                            "template": "${name}-${format(\"%s\",index)} ${extra}",
                            "vars.%": "3",
                            "vars.extra": " ansible_host=35.187.204.135 internal_ip=10.240.16.4",
                            "vars.index": "2",
                            "vars.name": "node"
                        },
                        "meta": {},
                        "tainted": false
                    },
                    "deposed": [],
                    "provider": ""
                },
                "google_compute_firewall.firewall": {
                    "type": "google_compute_firewall",
                    "depends_on": [
                        "google_compute_network.network"
                    ],
                    "primary": {
                        "id": "allowall",
                        "attributes": {
                            "allow.#": "3",
                            "allow.1367131964.ports.#": "0",
                            "allow.1367131964.protocol": "icmp",
                            "allow.1486604749.ports.#": "0",
                            "allow.1486604749.protocol": "udp",
                            "allow.3848845357.ports.#": "0",
                            "allow.3848845357.protocol": "tcp",
                            "description": "",
                            "id": "allowall",
                            "name": "allowall",
                            "network": "kubenet",
                            "project": "intern-kevin",
                            "self_link": "https://www.googleapis.com/compute/v1/projects/intern-kevin/global/firewalls/allowall",
                            "source_ranges.#": "1",
                            "source_ranges.1080289494": "0.0.0.0/0",
                            "source_tags.#": "0",
                            "target_tags.#": "0"
                        },
                        "meta": {
                            "schema_version": "1"
                        },
                        "tainted": false
                    },
                    "deposed": [],
                    "provider": ""
                },
                "google_compute_instance.etcd.0": {
                    "type": "google_compute_instance",
                    "depends_on": [
                        "google_compute_subnetwork.subnet"
                    ],
                    "primary": {
                        "id": "etcd-1",
                        "attributes": {
                            "attached_disk.#": "0",
                            "can_ip_forward": "true",
                            "create_timeout": "4",
                            "disk.#": "1",
                            "disk.0.auto_delete": "true",
                            "disk.0.device_name": "",
                            "disk.0.disk": "",
                            "disk.0.disk_encryption_key_raw": "",
                            "disk.0.disk_encryption_key_sha256": "",
                            "disk.0.image": "ubuntu-os-cloud/ubuntu-1510-wily-v20151021",
                            "disk.0.scratch": "false",
                            "disk.0.size": "10",
                            "disk.0.type": "",
                            "id": "etcd-1",
                            "machine_type": "n1-standard-1",
                            "metadata.%": "0",
                            "metadata_fingerprint": "z1oTgmsD_T8=",
                            "name": "etcd-1",
                            "network.#": "0",
                            "network_interface.#": "1",
                            "network_interface.0.access_config.#": "1",
                            "network_interface.0.access_config.0.assigned_nat_ip": "35.187.214.154",
                            "network_interface.0.access_config.0.nat_ip": "",
                            "network_interface.0.address": "10.240.16.5",
                            "network_interface.0.name": "nic0",
                            "network_interface.0.network": "",
                            "network_interface.0.subnetwork": "kubesubnet",
                            "network_interface.0.subnetwork_project": "",
                            "self_link": "https://www.googleapis.com/compute/v1/projects/intern-kevin/zones/asia-northeast1-b/instances/etcd-1",
                            "service_account.#": "0",
                            "tags_fingerprint": "42WmSpB8rSM=",
                            "zone": "asia-northeast1-b"
                        },
                        "meta": {
                            "schema_version": "2"
                        },
                        "tainted": false
                    },
                    "deposed": [],
                    "provider": ""
                },
                "google_compute_instance.etcd.1": {
                    "type": "google_compute_instance",
                    "depends_on": [
                        "google_compute_subnetwork.subnet"
                    ],
                    "primary": {
                        "id": "etcd-2",
                        "attributes": {
                            "attached_disk.#": "0",
                            "can_ip_forward": "true",
                            "create_timeout": "4",
                            "disk.#": "1",
                            "disk.0.auto_delete": "true",
                            "disk.0.device_name": "",
                            "disk.0.disk": "",
                            "disk.0.disk_encryption_key_raw": "",
                            "disk.0.disk_encryption_key_sha256": "",
                            "disk.0.image": "ubuntu-os-cloud/ubuntu-1510-wily-v20151021",
                            "disk.0.scratch": "false",
                            "disk.0.size": "10",
                            "disk.0.type": "",
                            "id": "etcd-2",
                            "machine_type": "n1-standard-1",
                            "metadata.%": "0",
                            "metadata_fingerprint": "z1oTgmsD_T8=",
                            "name": "etcd-2",
                            "network.#": "0",
                            "network_interface.#": "1",
                            "network_interface.0.access_config.#": "1",
                            "network_interface.0.access_config.0.assigned_nat_ip": "104.198.117.212",
                            "network_interface.0.access_config.0.nat_ip": "",
                            "network_interface.0.address": "10.240.16.7",
                            "network_interface.0.name": "nic0",
                            "network_interface.0.network": "",
                            "network_interface.0.subnetwork": "kubesubnet",
                            "network_interface.0.subnetwork_project": "",
                            "self_link": "https://www.googleapis.com/compute/v1/projects/intern-kevin/zones/asia-northeast1-b/instances/etcd-2",
                            "service_account.#": "0",
                            "tags_fingerprint": "42WmSpB8rSM=",
                            "zone": "asia-northeast1-b"
                        },
                        "meta": {
                            "schema_version": "2"
                        },
                        "tainted": false
                    },
                    "deposed": [],
                    "provider": ""
                },
                "google_compute_instance.master.0": {
                    "type": "google_compute_instance",
                    "depends_on": [
                        "google_compute_subnetwork.subnet"
                    ],
                    "primary": {
                        "id": "master-1",
                        "attributes": {
                            "attached_disk.#": "0",
                            "can_ip_forward": "true",
                            "create_timeout": "4",
                            "disk.#": "1",
                            "disk.0.auto_delete": "true",
                            "disk.0.device_name": "",
                            "disk.0.disk": "",
                            "disk.0.disk_encryption_key_raw": "",
                            "disk.0.disk_encryption_key_sha256": "",
                            "disk.0.image": "ubuntu-os-cloud/ubuntu-1510-wily-v20151021",
                            "disk.0.scratch": "false",
                            "disk.0.size": "10",
                            "disk.0.type": "",
                            "id": "master-1",
                            "machine_type": "n1-standard-1",
                            "metadata.%": "0",
                            "metadata_fingerprint": "z1oTgmsD_T8=",
                            "name": "master-1",
                            "network.#": "0",
                            "network_interface.#": "1",
                            "network_interface.0.access_config.#": "1",
                            "network_interface.0.access_config.0.assigned_nat_ip": "35.189.139.101",
                            "network_interface.0.access_config.0.nat_ip": "",
                            "network_interface.0.address": "10.240.16.2",
                            "network_interface.0.name": "nic0",
                            "network_interface.0.network": "",
                            "network_interface.0.subnetwork": "kubesubnet",
                            "network_interface.0.subnetwork_project": "",
                            "self_link": "https://www.googleapis.com/compute/v1/projects/intern-kevin/zones/asia-northeast1-b/instances/master-1",
                            "service_account.#": "0",
                            "tags_fingerprint": "42WmSpB8rSM=",
                            "zone": "asia-northeast1-b"
                        },
                        "meta": {
                            "schema_version": "2"
                        },
                        "tainted": false
                    },
                    "deposed": [],
                    "provider": ""
                },
                "google_compute_instance.master.1": {
                    "type": "google_compute_instance",
                    "depends_on": [
                        "google_compute_subnetwork.subnet"
                    ],
                    "primary": {
                        "id": "master-2",
                        "attributes": {
                            "attached_disk.#": "0",
                            "can_ip_forward": "true",
                            "create_timeout": "4",
                            "disk.#": "1",
                            "disk.0.auto_delete": "true",
                            "disk.0.device_name": "",
                            "disk.0.disk": "",
                            "disk.0.disk_encryption_key_raw": "",
                            "disk.0.disk_encryption_key_sha256": "",
                            "disk.0.image": "ubuntu-os-cloud/ubuntu-1510-wily-v20151021",
                            "disk.0.scratch": "false",
                            "disk.0.size": "10",
                            "disk.0.type": "",
                            "id": "master-2",
                            "machine_type": "n1-standard-1",
                            "metadata.%": "0",
                            "metadata_fingerprint": "z1oTgmsD_T8=",
                            "name": "master-2",
                            "network.#": "0",
                            "network_interface.#": "1",
                            "network_interface.0.access_config.#": "1",
                            "network_interface.0.access_config.0.assigned_nat_ip": "35.187.202.136",
                            "network_interface.0.access_config.0.nat_ip": "",
                            "network_interface.0.address": "10.240.16.3",
                            "network_interface.0.name": "nic0",
                            "network_interface.0.network": "",
                            "network_interface.0.subnetwork": "kubesubnet",
                            "network_interface.0.subnetwork_project": "",
                            "self_link": "https://www.googleapis.com/compute/v1/projects/intern-kevin/zones/asia-northeast1-b/instances/master-2",
                            "service_account.#": "0",
                            "tags_fingerprint": "42WmSpB8rSM=",
                            "zone": "asia-northeast1-b"
                        },
                        "meta": {
                            "schema_version": "2"
                        },
                        "tainted": false
                    },
                    "deposed": [],
                    "provider": ""
                },
                "google_compute_instance.node.0": {
                    "type": "google_compute_instance",
                    "depends_on": [
                        "google_compute_subnetwork.subnet"
                    ],
                    "primary": {
                        "id": "node-1",
                        "attributes": {
                            "attached_disk.#": "0",
                            "can_ip_forward": "true",
                            "create_timeout": "4",
                            "disk.#": "1",
                            "disk.0.auto_delete": "true",
                            "disk.0.device_name": "",
                            "disk.0.disk": "",
                            "disk.0.disk_encryption_key_raw": "",
                            "disk.0.disk_encryption_key_sha256": "",
                            "disk.0.image": "ubuntu-os-cloud/ubuntu-1510-wily-v20151021",
                            "disk.0.scratch": "false",
                            "disk.0.size": "30",
                            "disk.0.type": "",
                            "id": "node-1",
                            "machine_type": "n1-standard-1",
                            "metadata.%": "0",
                            "metadata_fingerprint": "z1oTgmsD_T8=",
                            "name": "node-1",
                            "network.#": "0",
                            "network_interface.#": "1",
                            "network_interface.0.access_config.#": "1",
                            "network_interface.0.access_config.0.assigned_nat_ip": "35.187.194.244",
                            "network_interface.0.access_config.0.nat_ip": "",
                            "network_interface.0.address": "10.240.16.6",
                            "network_interface.0.name": "nic0",
                            "network_interface.0.network": "",
                            "network_interface.0.subnetwork": "kubesubnet",
                            "network_interface.0.subnetwork_project": "",
                            "self_link": "https://www.googleapis.com/compute/v1/projects/intern-kevin/zones/asia-northeast1-b/instances/node-1",
                            "service_account.#": "0",
                            "tags_fingerprint": "42WmSpB8rSM=",
                            "zone": "asia-northeast1-b"
                        },
                        "meta": {
                            "schema_version": "2"
                        },
                        "tainted": false
                    },
                    "deposed": [],
                    "provider": ""
                },
                "google_compute_instance.node.1": {
                    "type": "google_compute_instance",
                    "depends_on": [
                        "google_compute_subnetwork.subnet"
                    ],
                    "primary": {
                        "id": "node-2",
                        "attributes": {
                            "attached_disk.#": "0",
                            "can_ip_forward": "true",
                            "create_timeout": "4",
                            "disk.#": "1",
                            "disk.0.auto_delete": "true",
                            "disk.0.device_name": "",
                            "disk.0.disk": "",
                            "disk.0.disk_encryption_key_raw": "",
                            "disk.0.disk_encryption_key_sha256": "",
                            "disk.0.image": "ubuntu-os-cloud/ubuntu-1510-wily-v20151021",
                            "disk.0.scratch": "false",
                            "disk.0.size": "30",
                            "disk.0.type": "",
                            "id": "node-2",
                            "machine_type": "n1-standard-1",
                            "metadata.%": "0",
                            "metadata_fingerprint": "z1oTgmsD_T8=",
                            "name": "node-2",
                            "network.#": "0",
                            "network_interface.#": "1",
                            "network_interface.0.access_config.#": "1",
                            "network_interface.0.access_config.0.assigned_nat_ip": "35.187.204.135",
                            "network_interface.0.access_config.0.nat_ip": "",
                            "network_interface.0.address": "10.240.16.4",
                            "network_interface.0.name": "nic0",
                            "network_interface.0.network": "",
                            "network_interface.0.subnetwork": "kubesubnet",
                            "network_interface.0.subnetwork_project": "",
                            "self_link": "https://www.googleapis.com/compute/v1/projects/intern-kevin/zones/asia-northeast1-b/instances/node-2",
                            "service_account.#": "0",
                            "tags_fingerprint": "42WmSpB8rSM=",
                            "zone": "asia-northeast1-b"
                        },
                        "meta": {
                            "schema_version": "2"
                        },
                        "tainted": false
                    },
                    "deposed": [],
                    "provider": ""
                },
                "google_compute_network.network": {
                    "type": "google_compute_network",
                    "depends_on": [],
                    "primary": {
                        "id": "kubenet",
                        "attributes": {
                            "auto_create_subnetworks": "false",
                            "gateway_ipv4": "",
                            "id": "kubenet",
                            "ipv4_range": "",
                            "name": "kubenet",
                            "self_link": "https://www.googleapis.com/compute/v1/projects/intern-kevin/global/networks/kubenet"
                        },
                        "meta": {},
                        "tainted": false
                    },
                    "deposed": [],
                    "provider": ""
                },
                "google_compute_subnetwork.subnet": {
                    "type": "google_compute_subnetwork",
                    "depends_on": [
                        "google_compute_network.network"
                    ],
                    "primary": {
                        "id": "asia-northeast1/kubesubnet",
                        "attributes": {
                            "gateway_address": "10.240.16.1",
                            "id": "asia-northeast1/kubesubnet",
                            "ip_cidr_range": "10.240.16.0/24",
                            "name": "kubesubnet",
                            "network": "kubenet",
                            "region": "asia-northeast1",
                            "self_link": "https://www.googleapis.com/compute/v1/projects/intern-kevin/regions/asia-northeast1/subnetworks/kubesubnet"
                        },
                        "meta": {},
                        "tainted": false
                    },
                    "deposed": [],
                    "provider": ""
                }
            },
            "depends_on": []
        }
    ]
}
